{
  "name": "trace2fix",
  "version": "0.1.0",
  "lockfileVersion": 3,
  "requires": true,
  "packages": {
    "": {
      "name": "trace2fix",
      "version": "0.1.0",
      "license": "MIT",
      "bin": {
        "trace2fix": "bin/trace2fix.js"
      },
      "engines": {
        "node": ">=20"
      }
    }
  }
}
